
Microsoft Visual Studio Solution File, Format Version 12.00
# Visual Studio Version 16
VisualStudioVersion = 16.0.33130.400
MinimumVisualStudioVersion = 10.0.40219.1
Project("{FAE04EC0-301F-11D3-BF4B-00C04F79EFBC}") = "DBSE", "DBSE\DBSE.csproj", "{157A1469-B369-42C7-B113-9C6AEF52ACA3}"
EndProject
Global
	GlobalSection(SolutionConfigurationPlatforms) = preSolution
		Debug|Any CPU = Debug|Any CPU
		Release|Any CPU = Release|Any CPU
	EndGlobalSection
	GlobalSection(ProjectConfigurationPlatforms) = postSolution
		{157A1469-B369-42C7-B113-9C6AEF52ACA3}.Debug|Any CPU.ActiveCfg = Debug|Any CPU
		{157A1469-B369-42C7-B113-9C6AEF52ACA3}.Debug|Any CPU.Build.0 = Debug|Any CPU
		{157A1469-B369-42C7-B113-9C6AEF52ACA3}.Release|Any CPU.ActiveCfg = Release|Any CPU
		{157A1469-B369-42C7-B113-9C6AEF52ACA3}.Release|Any CPU.Build.0 = Release|Any CPU
	EndGlobalSection
	GlobalSection(SolutionProperties) = preSolution
		HideSolutionNode = FALSE
	EndGlobalSection
	GlobalSection(ExtensibilityGlobals) = postSolution
		SolutionGuid = {B8261321-17D9-4906-A83B-3E933192D0FC}
	EndGlobalSection
EndGlobal
